
Microsoft Visual Studio Solution File, Format Version 12.00
# Visual Studio Version 17
VisualStudioVersion = 17.9.34701.34
MinimumVisualStudioVersion = 10.0.40219.1
Project("{FAE04EC0-301F-11D3-BF4B-00C04F79EFBC}") = "Laba8", "Laba8\Laba8.csproj", "{8AF8EE4F-0CE5-443D-8411-F01DC5C77F02}"
EndProject
Global
	GlobalSection(SolutionConfigurationPlatforms) = preSolution
		Debug|Any CPU = Debug|Any CPU
		Release|Any CPU = Release|Any CPU
	EndGlobalSection
	GlobalSection(ProjectConfigurationPlatforms) = postSolution
		{8AF8EE4F-0CE5-443D-8411-F01DC5C77F02}.Debug|Any CPU.ActiveCfg = Debug|Any CPU
		{8AF8EE4F-0CE5-443D-8411-F01DC5C77F02}.Debug|Any CPU.Build.0 = Debug|Any CPU
		{8AF8EE4F-0CE5-443D-8411-F01DC5C77F02}.Release|Any CPU.ActiveCfg = Release|Any CPU
		{8AF8EE4F-0CE5-443D-8411-F01DC5C77F02}.Release|Any CPU.Build.0 = Release|Any CPU
	EndGlobalSection
	GlobalSection(SolutionProperties) = preSolution
		HideSolutionNode = FALSE
	EndGlobalSection
	GlobalSection(ExtensibilityGlobals) = postSolution
		SolutionGuid = {5A66FC88-66E7-463E-A4D1-9765F7812644}
	EndGlobalSection
EndGlobal
